
Microsoft Visual Studio Solution File, Format Version 12.00
# Visual Studio Version 16
VisualStudioVersion = 16.0.29709.97
MinimumVisualStudioVersion = 10.0.40219.1
Project("{FAE04EC0-301F-11D3-BF4B-00C04F79EFBC}") = "PR1-01-1", "PR1-01-1\PR1-01-1.csproj", "{CFEA37EC-B020-49FC-BDC1-BE43C2997621}"
EndProject
Global
	GlobalSection(SolutionConfigurationPlatforms) = preSolution
		Debug|Any CPU = Debug|Any CPU
		Release|Any CPU = Release|Any CPU
	EndGlobalSection
	GlobalSection(ProjectConfigurationPlatforms) = postSolution
		{CFEA37EC-B020-49FC-BDC1-BE43C2997621}.Debug|Any CPU.ActiveCfg = Debug|Any CPU
		{CFEA37EC-B020-49FC-BDC1-BE43C2997621}.Debug|Any CPU.Build.0 = Debug|Any CPU
		{CFEA37EC-B020-49FC-BDC1-BE43C2997621}.Release|Any CPU.ActiveCfg = Release|Any CPU
		{CFEA37EC-B020-49FC-BDC1-BE43C2997621}.Release|Any CPU.Build.0 = Release|Any CPU
	EndGlobalSection
	GlobalSection(SolutionProperties) = preSolution
		HideSolutionNode = FALSE
	EndGlobalSection
	GlobalSection(ExtensibilityGlobals) = postSolution
		SolutionGuid = {FD4D079F-A106-49ED-90E5-4399E1CA52A7}
	EndGlobalSection
EndGlobal
